
Microsoft Visual Studio Solution File, Format Version 12.00
# Visual Studio 15
VisualStudioVersion = 15.0.28307.421
MinimumVisualStudioVersion = 10.0.40219.1
Project("{FAE04EC0-301F-11D3-BF4B-00C04F79EFBC}") = "StringIO_TextView", "StringIO_TextView\StringIO_TextView.csproj", "{DBC96673-DEC3-4F31-BB56-79CD724F0547}"
EndProject
Global
	GlobalSection(SolutionConfigurationPlatforms) = preSolution
		Debug|Any CPU = Debug|Any CPU
		Release|Any CPU = Release|Any CPU
	EndGlobalSection
	GlobalSection(ProjectConfigurationPlatforms) = postSolution
		{DBC96673-DEC3-4F31-BB56-79CD724F0547}.Debug|Any CPU.ActiveCfg = Debug|Any CPU
		{DBC96673-DEC3-4F31-BB56-79CD724F0547}.Debug|Any CPU.Build.0 = Debug|Any CPU
		{DBC96673-DEC3-4F31-BB56-79CD724F0547}.Release|Any CPU.ActiveCfg = Release|Any CPU
		{DBC96673-DEC3-4F31-BB56-79CD724F0547}.Release|Any CPU.Build.0 = Release|Any CPU
	EndGlobalSection
	GlobalSection(SolutionProperties) = preSolution
		HideSolutionNode = FALSE
	EndGlobalSection
	GlobalSection(ExtensibilityGlobals) = postSolution
		SolutionGuid = {547027B7-FFEF-4D54-8222-5E2A6ED0F484}
	EndGlobalSection
EndGlobal
